{
  "requires": true,
  "lockfileVersion": 1,
  "dependencies": {
    "@react-native-async-storage/async-storage": {
      "version": "1.15.7",
      "resolved": "https://registry.npmjs.org/@react-native-async-storage/async-storage/-/async-storage-1.15.7.tgz",
      "integrity": "sha512-ctD51BxjBxSSZ/3xCxQ//e10nP3rWFuOABsOGCGCqCXO4ypznK+fcWONHI6fIZubfV5KdyBJnNXcKtXRjocE5Q==",
      "requires": {
        "merge-options": "^3.0.4"
      }
    },
    "is-plain-obj": {
      "version": "2.1.0",
      "resolved": "https://registry.npmjs.org/is-plain-obj/-/is-plain-obj-2.1.0.tgz",
      "integrity": "sha512-YWnfyRwxL/+SsrWYfOpUtz5b3YD+nyfkHvjbcanzk8zgyO4ASD67uVMRt8k5bM4lLMDnXfriRhOpemw+NfT1eA=="
    },
    "merge-options": {
      "version": "3.0.4",
      "resolved": "https://registry.npmjs.org/merge-options/-/merge-options-3.0.4.tgz",
      "integrity": "sha512-2Sug1+knBjkaMsMgf1ctR1Ujx+Ayku4EdJN4Z+C2+JzoeF7A3OZ9KM2GY0CpQS51NR61LTurMJrRKPhSs3ZRTQ==",
      "requires": {
        "is-plain-obj": "^2.1.0"
      }
    }
  }
}
